
Microsoft Visual Studio Solution File, Format Version 12.00
# Visual Studio Version 16
VisualStudioVersion = 16.0.31702.278
MinimumVisualStudioVersion = 10.0.40219.1
Project("{FAE04EC0-301F-11D3-BF4B-00C04F79EFBC}") = "exams6", "exams6\exams6.csproj", "{DCECADDE-3F5A-4647-8A3A-FCFC415D9DFF}"
EndProject
Global
	GlobalSection(SolutionConfigurationPlatforms) = preSolution
		Debug|Any CPU = Debug|Any CPU
		Release|Any CPU = Release|Any CPU
	EndGlobalSection
	GlobalSection(ProjectConfigurationPlatforms) = postSolution
		{DCECADDE-3F5A-4647-8A3A-FCFC415D9DFF}.Debug|Any CPU.ActiveCfg = Debug|Any CPU
		{DCECADDE-3F5A-4647-8A3A-FCFC415D9DFF}.Debug|Any CPU.Build.0 = Debug|Any CPU
		{DCECADDE-3F5A-4647-8A3A-FCFC415D9DFF}.Release|Any CPU.ActiveCfg = Release|Any CPU
		{DCECADDE-3F5A-4647-8A3A-FCFC415D9DFF}.Release|Any CPU.Build.0 = Release|Any CPU
	EndGlobalSection
	GlobalSection(SolutionProperties) = preSolution
		HideSolutionNode = FALSE
	EndGlobalSection
	GlobalSection(ExtensibilityGlobals) = postSolution
		SolutionGuid = {0FE67DED-F83C-4A95-9DF1-455871DF26AB}
	EndGlobalSection
EndGlobal
